
Microsoft Visual Studio Solution File, Format Version 12.00
# Visual Studio Version 16
VisualStudioVersion = 16.0.31729.503
MinimumVisualStudioVersion = 10.0.40219.1
Project("{9A19103F-16F7-4668-BE54-9A1E7A4F7556}") = "MultiValueDictionary", "MultiValueDictionary.csproj", "{8F668CC7-CD5E-40D1-8142-265AC968C124}"
EndProject
Project("{FAE04EC0-301F-11D3-BF4B-00C04F79EFBC}") = "MultiValueDictionary.Tests", "..\MultiValueDictionary.Tests\MultiValueDictionary.Tests.csproj", "{CF62BB79-5CAA-4561-A102-475E29A7B0B5}"
EndProject
Global
	GlobalSection(SolutionConfigurationPlatforms) = preSolution
		Debug|Any CPU = Debug|Any CPU
		Release|Any CPU = Release|Any CPU
	EndGlobalSection
	GlobalSection(ProjectConfigurationPlatforms) = postSolution
		{8F668CC7-CD5E-40D1-8142-265AC968C124}.Debug|Any CPU.ActiveCfg = Debug|Any CPU
		{8F668CC7-CD5E-40D1-8142-265AC968C124}.Debug|Any CPU.Build.0 = Debug|Any CPU
		{8F668CC7-CD5E-40D1-8142-265AC968C124}.Release|Any CPU.ActiveCfg = Release|Any CPU
		{8F668CC7-CD5E-40D1-8142-265AC968C124}.Release|Any CPU.Build.0 = Release|Any CPU
		{CF62BB79-5CAA-4561-A102-475E29A7B0B5}.Debug|Any CPU.ActiveCfg = Debug|Any CPU
		{CF62BB79-5CAA-4561-A102-475E29A7B0B5}.Debug|Any CPU.Build.0 = Debug|Any CPU
		{CF62BB79-5CAA-4561-A102-475E29A7B0B5}.Release|Any CPU.ActiveCfg = Release|Any CPU
		{CF62BB79-5CAA-4561-A102-475E29A7B0B5}.Release|Any CPU.Build.0 = Release|Any CPU
	EndGlobalSection
	GlobalSection(SolutionProperties) = preSolution
		HideSolutionNode = FALSE
	EndGlobalSection
	GlobalSection(ExtensibilityGlobals) = postSolution
		SolutionGuid = {BB072C9A-03BA-408C-861A-7B45DE62343E}
	EndGlobalSection
EndGlobal
